{
  "name": "symfony",
  "lockfileVersion": 3,
  "requires": true,
  "packages": {
    "": {
      "dependencies": {
        "bootstrap": "^5.3.8",
        "interactjs": "^1.10.27"
      }
    },
    "node_modules/@interactjs/types": {
      "version": "1.10.27",
      "resolved": "https://registry.npmjs.org/@interactjs/types/-/types-1.10.27.tgz",
      "integrity": "sha512-BUdv0cvs4H5ODuwft2Xp4eL8Vmi3LcihK42z0Ft/FbVJZoRioBsxH+LlsBdK4tAie7PqlKGy+1oyOncu1nQ6eA==",
      "license": "MIT"
    },
    "node_modules/@popperjs/core": {
      "version": "2.11.8",
      "resolved": "https://registry.npmjs.org/@popperjs/core/-/core-2.11.8.tgz",
      "integrity": "sha512-P1st0aksCrn9sGZhp8GMYwBnQsbvAWsZAX44oXNNvLHGqAOcoVxmjZiohstwQ7SqKnbR47akdNi+uleWD8+g6A==",
      "license": "MIT",
      "peer": true,
      "funding": {
        "type": "opencollective",
        "url": "https://opencollective.com/popperjs"
      }
    },
    "node_modules/bootstrap": {
      "version": "5.3.8",
      "resolved": "https://registry.npmjs.org/bootstrap/-/bootstrap-5.3.8.tgz",
      "integrity": "sha512-HP1SZDqaLDPwsNiqRqi5NcP0SSXciX2s9E+RyqJIIqGo+vJeN5AJVM98CXmW/Wux0nQ5L7jeWUdplCEf0Ee+tg==",
      "funding": [
        {
          "type": "github",
          "url": "https://github.com/sponsors/twbs"
        },
        {
          "type": "opencollective",
          "url": "https://opencollective.com/bootstrap"
        }
      ],
      "license": "MIT",
      "peerDependencies": {
        "@popperjs/core": "^2.11.8"
      }
    },
    "node_modules/interactjs": {
      "version": "1.10.27",
      "resolved": "https://registry.npmjs.org/interactjs/-/interactjs-1.10.27.tgz",
      "integrity": "sha512-y/8RcCftGAF24gSp76X2JS3XpHiUvDQyhF8i7ujemBz77hwiHDuJzftHx7thY8cxGogwGiPJ+o97kWB6eAXnsA==",
      "license": "MIT",
      "dependencies": {
        "@interactjs/types": "1.10.27"
      }
    }
  }
}
